
Microsoft Visual Studio Solution File, Format Version 12.00
# Visual Studio Version 17
VisualStudioVersion = 17.3.32825.248
MinimumVisualStudioVersion = 10.0.40219.1
Project("{FAE04EC0-301F-11D3-BF4B-00C04F79EFBC}") = "FigureLibruary", "FigureLibruary\FigureLibruary.csproj", "{68E58F54-B2FF-4734-ABF5-82E5A4D84FA5}"
EndProject
Project("{FAE04EC0-301F-11D3-BF4B-00C04F79EFBC}") = "TestFigureLibruary", "TestFigureLibruary\TestFigureLibruary.csproj", "{091468ED-3F0C-4615-9775-24C30C9B187C}"
EndProject
Global
	GlobalSection(SolutionConfigurationPlatforms) = preSolution
		Debug|Any CPU = Debug|Any CPU
		Release|Any CPU = Release|Any CPU
	EndGlobalSection
	GlobalSection(ProjectConfigurationPlatforms) = postSolution
		{68E58F54-B2FF-4734-ABF5-82E5A4D84FA5}.Debug|Any CPU.ActiveCfg = Debug|Any CPU
		{68E58F54-B2FF-4734-ABF5-82E5A4D84FA5}.Debug|Any CPU.Build.0 = Debug|Any CPU
		{68E58F54-B2FF-4734-ABF5-82E5A4D84FA5}.Release|Any CPU.ActiveCfg = Release|Any CPU
		{68E58F54-B2FF-4734-ABF5-82E5A4D84FA5}.Release|Any CPU.Build.0 = Release|Any CPU
		{091468ED-3F0C-4615-9775-24C30C9B187C}.Debug|Any CPU.ActiveCfg = Debug|Any CPU
		{091468ED-3F0C-4615-9775-24C30C9B187C}.Debug|Any CPU.Build.0 = Debug|Any CPU
		{091468ED-3F0C-4615-9775-24C30C9B187C}.Release|Any CPU.ActiveCfg = Release|Any CPU
		{091468ED-3F0C-4615-9775-24C30C9B187C}.Release|Any CPU.Build.0 = Release|Any CPU
	EndGlobalSection
	GlobalSection(SolutionProperties) = preSolution
		HideSolutionNode = FALSE
	EndGlobalSection
	GlobalSection(ExtensibilityGlobals) = postSolution
		SolutionGuid = {02948AAB-5FC3-40E8-B252-0513D0820797}
	EndGlobalSection
EndGlobal
